
Microsoft Visual Studio Solution File, Format Version 12.00
# Visual Studio 15
VisualStudioVersion = 15.0.26730.3
MinimumVisualStudioVersion = 10.0.40219.1
Project("{FAE04EC0-301F-11D3-BF4B-00C04F79EFBC}") = "DbEngine", "DbEngine\DbEngine.csproj", "{48ADB5E4-6B24-418B-971A-0F5A70B678A3}"
EndProject
Project("{FAE04EC0-301F-11D3-BF4B-00C04F79EFBC}") = "test", "test\test.csproj", "{6F0DBC3C-20C4-4108-B8C9-25C49BCA96AC}"
EndProject
Global
	GlobalSection(SolutionConfigurationPlatforms) = preSolution
		Debug|Any CPU = Debug|Any CPU
		Release|Any CPU = Release|Any CPU
	EndGlobalSection
	GlobalSection(ProjectConfigurationPlatforms) = postSolution
		{48ADB5E4-6B24-418B-971A-0F5A70B678A3}.Debug|Any CPU.ActiveCfg = Debug|Any CPU
		{48ADB5E4-6B24-418B-971A-0F5A70B678A3}.Debug|Any CPU.Build.0 = Debug|Any CPU
		{48ADB5E4-6B24-418B-971A-0F5A70B678A3}.Release|Any CPU.ActiveCfg = Release|Any CPU
		{48ADB5E4-6B24-418B-971A-0F5A70B678A3}.Release|Any CPU.Build.0 = Release|Any CPU
		{6F0DBC3C-20C4-4108-B8C9-25C49BCA96AC}.Debug|Any CPU.ActiveCfg = Debug|Any CPU
		{6F0DBC3C-20C4-4108-B8C9-25C49BCA96AC}.Debug|Any CPU.Build.0 = Debug|Any CPU
		{6F0DBC3C-20C4-4108-B8C9-25C49BCA96AC}.Release|Any CPU.ActiveCfg = Release|Any CPU
		{6F0DBC3C-20C4-4108-B8C9-25C49BCA96AC}.Release|Any CPU.Build.0 = Release|Any CPU
	EndGlobalSection
	GlobalSection(SolutionProperties) = preSolution
		HideSolutionNode = FALSE
	EndGlobalSection
	GlobalSection(ExtensibilityGlobals) = postSolution
		SolutionGuid = {9282A08E-552D-4C44-9C48-71E03CCC44BA}
	EndGlobalSection
EndGlobal
